
Microsoft Visual Studio Solution File, Format Version 12.00
# Visual Studio Version 16
VisualStudioVersion = 16.0.29102.190
MinimumVisualStudioVersion = 15.0.26124.0
Project("{2150E333-8FDC-42A3-9474-1A3956D46DE8}") = "src", "src", "{8443F8CC-900C-4D9B-99E9-E33B33207473}"
EndProject
Project("{FAE04EC0-301F-11D3-BF4B-00C04F79EFBC}") = "neodebug-2-adapter", "src\adapter2\neodebug-2-adapter.csproj", "{9C193961-ADF8-4BB9-B3E5-F99B5EF78D4D}"
EndProject
Project("{FAE04EC0-301F-11D3-BF4B-00C04F79EFBC}") = "neodebug-3-adapter", "src\adapter3\neodebug-3-adapter.csproj", "{1C7A0AD1-FF6F-443B-89B8-7DBE145228EB}"
EndProject
Global
	GlobalSection(SolutionConfigurationPlatforms) = preSolution
		Debug|Any CPU = Debug|Any CPU
		Debug|x64 = Debug|x64
		Debug|x86 = Debug|x86
		Release|Any CPU = Release|Any CPU
		Release|x64 = Release|x64
		Release|x86 = Release|x86
	EndGlobalSection
	GlobalSection(ProjectConfigurationPlatforms) = postSolution
		{9C193961-ADF8-4BB9-B3E5-F99B5EF78D4D}.Debug|Any CPU.ActiveCfg = Debug|Any CPU
		{9C193961-ADF8-4BB9-B3E5-F99B5EF78D4D}.Debug|Any CPU.Build.0 = Debug|Any CPU
		{9C193961-ADF8-4BB9-B3E5-F99B5EF78D4D}.Debug|x64.ActiveCfg = Debug|Any CPU
		{9C193961-ADF8-4BB9-B3E5-F99B5EF78D4D}.Debug|x64.Build.0 = Debug|Any CPU
		{9C193961-ADF8-4BB9-B3E5-F99B5EF78D4D}.Debug|x86.ActiveCfg = Debug|Any CPU
		{9C193961-ADF8-4BB9-B3E5-F99B5EF78D4D}.Debug|x86.Build.0 = Debug|Any CPU
		{9C193961-ADF8-4BB9-B3E5-F99B5EF78D4D}.Release|Any CPU.ActiveCfg = Release|Any CPU
		{9C193961-ADF8-4BB9-B3E5-F99B5EF78D4D}.Release|Any CPU.Build.0 = Release|Any CPU
		{9C193961-ADF8-4BB9-B3E5-F99B5EF78D4D}.Release|x64.ActiveCfg = Release|Any CPU
		{9C193961-ADF8-4BB9-B3E5-F99B5EF78D4D}.Release|x64.Build.0 = Release|Any CPU
		{9C193961-ADF8-4BB9-B3E5-F99B5EF78D4D}.Release|x86.ActiveCfg = Release|Any CPU
		{9C193961-ADF8-4BB9-B3E5-F99B5EF78D4D}.Release|x86.Build.0 = Release|Any CPU
		{1C7A0AD1-FF6F-443B-89B8-7DBE145228EB}.Debug|Any CPU.ActiveCfg = Debug|Any CPU
		{1C7A0AD1-FF6F-443B-89B8-7DBE145228EB}.Debug|Any CPU.Build.0 = Debug|Any CPU
		{1C7A0AD1-FF6F-443B-89B8-7DBE145228EB}.Debug|x64.ActiveCfg = Debug|Any CPU
		{1C7A0AD1-FF6F-443B-89B8-7DBE145228EB}.Debug|x64.Build.0 = Debug|Any CPU
		{1C7A0AD1-FF6F-443B-89B8-7DBE145228EB}.Debug|x86.ActiveCfg = Debug|Any CPU
		{1C7A0AD1-FF6F-443B-89B8-7DBE145228EB}.Debug|x86.Build.0 = Debug|Any CPU
		{1C7A0AD1-FF6F-443B-89B8-7DBE145228EB}.Release|Any CPU.ActiveCfg = Release|Any CPU
		{1C7A0AD1-FF6F-443B-89B8-7DBE145228EB}.Release|Any CPU.Build.0 = Release|Any CPU
		{1C7A0AD1-FF6F-443B-89B8-7DBE145228EB}.Release|x64.ActiveCfg = Release|Any CPU
		{1C7A0AD1-FF6F-443B-89B8-7DBE145228EB}.Release|x64.Build.0 = Release|Any CPU
		{1C7A0AD1-FF6F-443B-89B8-7DBE145228EB}.Release|x86.ActiveCfg = Release|Any CPU
		{1C7A0AD1-FF6F-443B-89B8-7DBE145228EB}.Release|x86.Build.0 = Release|Any CPU
	EndGlobalSection
	GlobalSection(SolutionProperties) = preSolution
		HideSolutionNode = FALSE
	EndGlobalSection
	GlobalSection(ExtensibilityGlobals) = postSolution
		SolutionGuid = {CA84F9F8-7909-43B0-B1E1-07FC2B01ED64}
	EndGlobalSection
	GlobalSection(NestedProjects) = preSolution
		{9C193961-ADF8-4BB9-B3E5-F99B5EF78D4D} = {8443F8CC-900C-4D9B-99E9-E33B33207473}
		{1C7A0AD1-FF6F-443B-89B8-7DBE145228EB} = {8443F8CC-900C-4D9B-99E9-E33B33207473}
	EndGlobalSection
EndGlobal
